
Microsoft Visual Studio Solution File, Format Version 12.00
# Visual Studio Version 17
VisualStudioVersion = 17.4.33213.308
MinimumVisualStudioVersion = 10.0.40219.1
Project("{FAE04EC0-301F-11D3-BF4B-00C04F79EFBC}") = "moment4", "moment4\moment4.csproj", "{DEEED6A3-8650-44F7-8739-12B8B09B49B9}"
EndProject
Global
	GlobalSection(SolutionConfigurationPlatforms) = preSolution
		Debug|Any CPU = Debug|Any CPU
		Release|Any CPU = Release|Any CPU
	EndGlobalSection
	GlobalSection(ProjectConfigurationPlatforms) = postSolution
		{DEEED6A3-8650-44F7-8739-12B8B09B49B9}.Debug|Any CPU.ActiveCfg = Debug|Any CPU
		{DEEED6A3-8650-44F7-8739-12B8B09B49B9}.Debug|Any CPU.Build.0 = Debug|Any CPU
		{DEEED6A3-8650-44F7-8739-12B8B09B49B9}.Release|Any CPU.ActiveCfg = Release|Any CPU
		{DEEED6A3-8650-44F7-8739-12B8B09B49B9}.Release|Any CPU.Build.0 = Release|Any CPU
	EndGlobalSection
	GlobalSection(SolutionProperties) = preSolution
		HideSolutionNode = FALSE
	EndGlobalSection
	GlobalSection(ExtensibilityGlobals) = postSolution
		SolutionGuid = {AA195ED5-1F99-4131-AEE5-83FDFE50489F}
	EndGlobalSection
EndGlobal
